
Microsoft Visual Studio Solution File, Format Version 12.00
# Visual Studio 15
VisualStudioVersion = 15.0.26730.12
MinimumVisualStudioVersion = 10.0.40219.1
Project("{FAE04EC0-301F-11D3-BF4B-00C04F79EFBC}") = "WebApplication3", "WebApplication3\WebApplication3.csproj", "{F2B1F4F3-F1A3-4D4D-AEC0-8C8A7119DA01}"
EndProject
Global
	GlobalSection(SolutionConfigurationPlatforms) = preSolution
		Debug|Any CPU = Debug|Any CPU
		Release|Any CPU = Release|Any CPU
	EndGlobalSection
	GlobalSection(ProjectConfigurationPlatforms) = postSolution
		{F2B1F4F3-F1A3-4D4D-AEC0-8C8A7119DA01}.Debug|Any CPU.ActiveCfg = Debug|Any CPU
		{F2B1F4F3-F1A3-4D4D-AEC0-8C8A7119DA01}.Debug|Any CPU.Build.0 = Debug|Any CPU
		{F2B1F4F3-F1A3-4D4D-AEC0-8C8A7119DA01}.Release|Any CPU.ActiveCfg = Release|Any CPU
		{F2B1F4F3-F1A3-4D4D-AEC0-8C8A7119DA01}.Release|Any CPU.Build.0 = Release|Any CPU
	EndGlobalSection
	GlobalSection(SolutionProperties) = preSolution
		HideSolutionNode = FALSE
	EndGlobalSection
	GlobalSection(ExtensibilityGlobals) = postSolution
		SolutionGuid = {A56135EB-0B1C-44EB-8F1D-5A7A61E09535}
	EndGlobalSection
EndGlobal
